
Microsoft Visual Studio Solution File, Format Version 12.00
# Visual Studio Version 17
VisualStudioVersion = 17.9.34723.18
MinimumVisualStudioVersion = 10.0.40219.1
Project("{9A19103F-16F7-4668-BE54-9A1E7A4F7556}") = "BusBookingApp", "BusBookingApp\BusBookingApp.csproj", "{2FE5FCE4-61BB-4D60-9606-F42A8FFDBC93}"
EndProject
Project("{9A19103F-16F7-4668-BE54-9A1E7A4F7556}") = "BusBookingModelLibrary", "BusBookingModelLibrary\BusBookingModelLibrary.csproj", "{6891F57D-C784-4E7F-8D68-0063FECE57D6}"
EndProject
Project("{9A19103F-16F7-4668-BE54-9A1E7A4F7556}") = "BusBookingDALLibrary", "BusBookingDALLibrary\BusBookingDALLibrary.csproj", "{6FC9059A-A678-4827-A3BD-1C5C3E64187A}"
EndProject
Project("{FAE04EC0-301F-11D3-BF4B-00C04F79EFBC}") = "BusBookingBLLibrary", "BusBookingBLLibrary\BusBookingBLLibrary.csproj", "{0DE0F44D-139B-4EC2-A746-E99A674CC2CC}"
EndProject
Global
	GlobalSection(SolutionConfigurationPlatforms) = preSolution
		Debug|Any CPU = Debug|Any CPU
		Release|Any CPU = Release|Any CPU
	EndGlobalSection
	GlobalSection(ProjectConfigurationPlatforms) = postSolution
		{2FE5FCE4-61BB-4D60-9606-F42A8FFDBC93}.Debug|Any CPU.ActiveCfg = Debug|Any CPU
		{2FE5FCE4-61BB-4D60-9606-F42A8FFDBC93}.Debug|Any CPU.Build.0 = Debug|Any CPU
		{2FE5FCE4-61BB-4D60-9606-F42A8FFDBC93}.Release|Any CPU.ActiveCfg = Release|Any CPU
		{2FE5FCE4-61BB-4D60-9606-F42A8FFDBC93}.Release|Any CPU.Build.0 = Release|Any CPU
		{6891F57D-C784-4E7F-8D68-0063FECE57D6}.Debug|Any CPU.ActiveCfg = Debug|Any CPU
		{6891F57D-C784-4E7F-8D68-0063FECE57D6}.Debug|Any CPU.Build.0 = Debug|Any CPU
		{6891F57D-C784-4E7F-8D68-0063FECE57D6}.Release|Any CPU.ActiveCfg = Release|Any CPU
		{6891F57D-C784-4E7F-8D68-0063FECE57D6}.Release|Any CPU.Build.0 = Release|Any CPU
		{6FC9059A-A678-4827-A3BD-1C5C3E64187A}.Debug|Any CPU.ActiveCfg = Debug|Any CPU
		{6FC9059A-A678-4827-A3BD-1C5C3E64187A}.Debug|Any CPU.Build.0 = Debug|Any CPU
		{6FC9059A-A678-4827-A3BD-1C5C3E64187A}.Release|Any CPU.ActiveCfg = Release|Any CPU
		{6FC9059A-A678-4827-A3BD-1C5C3E64187A}.Release|Any CPU.Build.0 = Release|Any CPU
		{0DE0F44D-139B-4EC2-A746-E99A674CC2CC}.Debug|Any CPU.ActiveCfg = Debug|Any CPU
		{0DE0F44D-139B-4EC2-A746-E99A674CC2CC}.Debug|Any CPU.Build.0 = Debug|Any CPU
		{0DE0F44D-139B-4EC2-A746-E99A674CC2CC}.Release|Any CPU.ActiveCfg = Release|Any CPU
		{0DE0F44D-139B-4EC2-A746-E99A674CC2CC}.Release|Any CPU.Build.0 = Release|Any CPU
	EndGlobalSection
	GlobalSection(SolutionProperties) = preSolution
		HideSolutionNode = FALSE
	EndGlobalSection
	GlobalSection(ExtensibilityGlobals) = postSolution
		SolutionGuid = {E14159B4-0712-4928-8D5D-78F0E10DD8A8}
	EndGlobalSection
EndGlobal
