
Microsoft Visual Studio Solution File, Format Version 12.00
# Visual Studio Version 17
VisualStudioVersion = 17.9.34723.18
MinimumVisualStudioVersion = 10.0.40219.1
Project("{FAE04EC0-301F-11D3-BF4B-00C04F79EFBC}") = "Shopping", "SoppingApp\Shopping.csproj", "{D327625E-5ACB-49CF-8BCF-7D5BD9F5CC97}"
EndProject
Project("{FAE04EC0-301F-11D3-BF4B-00C04F79EFBC}") = "ShoppingModelLibrary", "ShoppingModelLibrary\ShoppingModelLibrary.csproj", "{7FD4BAFB-C7E5-4274-9A9B-559BA23DE2A8}"
EndProject
Project("{FAE04EC0-301F-11D3-BF4B-00C04F79EFBC}") = "ShoppingDALLibrary", "ShoppingDALLibrary\ShoppingDALLibrary.csproj", "{CF71940E-7D18-40E9-B11B-3C16FF38E08B}"
EndProject
Project("{FAE04EC0-301F-11D3-BF4B-00C04F79EFBC}") = "ShoppingBLLibrary", "ShoppingBLLibrary\ShoppingBLLibrary.csproj", "{2A0AD7BA-CF02-4B75-BE77-A89339679BDC}"
EndProject
Project("{FAE04EC0-301F-11D3-BF4B-00C04F79EFBC}") = "ShoppingBLTest", "ShoppingBLTest\ShoppingBLTest.csproj", "{FDC17633-DA04-451D-BD5D-71340A772283}"
EndProject
Project("{FAE04EC0-301F-11D3-BF4B-00C04F79EFBC}") = "ShoppingDALTesting", "ShoppingDALTesting\ShoppingDALTesting.csproj", "{D929B3F3-409C-4A35-A7EF-81057583A805}"
EndProject
Global
	GlobalSection(SolutionConfigurationPlatforms) = preSolution
		Debug|Any CPU = Debug|Any CPU
		Release|Any CPU = Release|Any CPU
	EndGlobalSection
	GlobalSection(ProjectConfigurationPlatforms) = postSolution
		{D327625E-5ACB-49CF-8BCF-7D5BD9F5CC97}.Debug|Any CPU.ActiveCfg = Debug|Any CPU
		{D327625E-5ACB-49CF-8BCF-7D5BD9F5CC97}.Debug|Any CPU.Build.0 = Debug|Any CPU
		{D327625E-5ACB-49CF-8BCF-7D5BD9F5CC97}.Release|Any CPU.ActiveCfg = Release|Any CPU
		{D327625E-5ACB-49CF-8BCF-7D5BD9F5CC97}.Release|Any CPU.Build.0 = Release|Any CPU
		{7FD4BAFB-C7E5-4274-9A9B-559BA23DE2A8}.Debug|Any CPU.ActiveCfg = Debug|Any CPU
		{7FD4BAFB-C7E5-4274-9A9B-559BA23DE2A8}.Debug|Any CPU.Build.0 = Debug|Any CPU
		{7FD4BAFB-C7E5-4274-9A9B-559BA23DE2A8}.Release|Any CPU.ActiveCfg = Release|Any CPU
		{7FD4BAFB-C7E5-4274-9A9B-559BA23DE2A8}.Release|Any CPU.Build.0 = Release|Any CPU
		{CF71940E-7D18-40E9-B11B-3C16FF38E08B}.Debug|Any CPU.ActiveCfg = Debug|Any CPU
		{CF71940E-7D18-40E9-B11B-3C16FF38E08B}.Debug|Any CPU.Build.0 = Debug|Any CPU
		{CF71940E-7D18-40E9-B11B-3C16FF38E08B}.Release|Any CPU.ActiveCfg = Release|Any CPU
		{CF71940E-7D18-40E9-B11B-3C16FF38E08B}.Release|Any CPU.Build.0 = Release|Any CPU
		{2A0AD7BA-CF02-4B75-BE77-A89339679BDC}.Debug|Any CPU.ActiveCfg = Debug|Any CPU
		{2A0AD7BA-CF02-4B75-BE77-A89339679BDC}.Debug|Any CPU.Build.0 = Debug|Any CPU
		{2A0AD7BA-CF02-4B75-BE77-A89339679BDC}.Release|Any CPU.ActiveCfg = Release|Any CPU
		{2A0AD7BA-CF02-4B75-BE77-A89339679BDC}.Release|Any CPU.Build.0 = Release|Any CPU
		{FDC17633-DA04-451D-BD5D-71340A772283}.Debug|Any CPU.ActiveCfg = Debug|Any CPU
		{FDC17633-DA04-451D-BD5D-71340A772283}.Debug|Any CPU.Build.0 = Debug|Any CPU
		{FDC17633-DA04-451D-BD5D-71340A772283}.Release|Any CPU.ActiveCfg = Release|Any CPU
		{FDC17633-DA04-451D-BD5D-71340A772283}.Release|Any CPU.Build.0 = Release|Any CPU
		{D929B3F3-409C-4A35-A7EF-81057583A805}.Debug|Any CPU.ActiveCfg = Debug|Any CPU
		{D929B3F3-409C-4A35-A7EF-81057583A805}.Debug|Any CPU.Build.0 = Debug|Any CPU
		{D929B3F3-409C-4A35-A7EF-81057583A805}.Release|Any CPU.ActiveCfg = Release|Any CPU
		{D929B3F3-409C-4A35-A7EF-81057583A805}.Release|Any CPU.Build.0 = Release|Any CPU
	EndGlobalSection
	GlobalSection(SolutionProperties) = preSolution
		HideSolutionNode = FALSE
	EndGlobalSection
	GlobalSection(ExtensibilityGlobals) = postSolution
		SolutionGuid = {A6254C9B-8FC3-48E1-AD05-742ED779377E}
	EndGlobalSection
EndGlobal
