
Microsoft Visual Studio Solution File, Format Version 12.00
# Visual Studio Version 17
VisualStudioVersion = 17.9.34723.18
MinimumVisualStudioVersion = 10.0.40219.1
Project("{9A19103F-16F7-4668-BE54-9A1E7A4F7556}") = "ClinicAppointment", "ClinicAppointment\ClinicAppointment.csproj", "{F2BCFAF0-531C-42E0-A5D0-B9F23C0C971C}"
EndProject
Project("{9A19103F-16F7-4668-BE54-9A1E7A4F7556}") = "ClinicAppointmentModelLibrary", "ClinicAppointmentModelLibrary\ClinicAppointmentModelLibrary.csproj", "{1CEFA1F7-806C-452E-990B-2F825B9F90F2}"
EndProject
Project("{9A19103F-16F7-4668-BE54-9A1E7A4F7556}") = "ClinicAppointmentDALLibrary", "ClinicAppointmentDALLibrary\ClinicAppointmentDALLibrary.csproj", "{89496151-C09D-432D-9A9B-E293ABDD8535}"
EndProject
Project("{9A19103F-16F7-4668-BE54-9A1E7A4F7556}") = "ClinicAppointmentBLLibrary", "ClinicAppointmentBLLibrary\ClinicAppointmentBLLibrary.csproj", "{EBBCA678-D004-47DF-BA72-B7BDDF58E93D}"
EndProject
Project("{FAE04EC0-301F-11D3-BF4B-00C04F79EFBC}") = "ClinicDoctorBLUnitTest", "ClinicDoctorBLUnitTest\ClinicDoctorBLUnitTest.csproj", "{25521645-934B-4942-BA32-9A28BEDA7F04}"
EndProject
Global
	GlobalSection(SolutionConfigurationPlatforms) = preSolution
		Debug|Any CPU = Debug|Any CPU
		Release|Any CPU = Release|Any CPU
	EndGlobalSection
	GlobalSection(ProjectConfigurationPlatforms) = postSolution
		{F2BCFAF0-531C-42E0-A5D0-B9F23C0C971C}.Debug|Any CPU.ActiveCfg = Debug|Any CPU
		{F2BCFAF0-531C-42E0-A5D0-B9F23C0C971C}.Debug|Any CPU.Build.0 = Debug|Any CPU
		{F2BCFAF0-531C-42E0-A5D0-B9F23C0C971C}.Release|Any CPU.ActiveCfg = Release|Any CPU
		{F2BCFAF0-531C-42E0-A5D0-B9F23C0C971C}.Release|Any CPU.Build.0 = Release|Any CPU
		{1CEFA1F7-806C-452E-990B-2F825B9F90F2}.Debug|Any CPU.ActiveCfg = Debug|Any CPU
		{1CEFA1F7-806C-452E-990B-2F825B9F90F2}.Debug|Any CPU.Build.0 = Debug|Any CPU
		{1CEFA1F7-806C-452E-990B-2F825B9F90F2}.Release|Any CPU.ActiveCfg = Release|Any CPU
		{1CEFA1F7-806C-452E-990B-2F825B9F90F2}.Release|Any CPU.Build.0 = Release|Any CPU
		{89496151-C09D-432D-9A9B-E293ABDD8535}.Debug|Any CPU.ActiveCfg = Debug|Any CPU
		{89496151-C09D-432D-9A9B-E293ABDD8535}.Debug|Any CPU.Build.0 = Debug|Any CPU
		{89496151-C09D-432D-9A9B-E293ABDD8535}.Release|Any CPU.ActiveCfg = Release|Any CPU
		{89496151-C09D-432D-9A9B-E293ABDD8535}.Release|Any CPU.Build.0 = Release|Any CPU
		{EBBCA678-D004-47DF-BA72-B7BDDF58E93D}.Debug|Any CPU.ActiveCfg = Debug|Any CPU
		{EBBCA678-D004-47DF-BA72-B7BDDF58E93D}.Debug|Any CPU.Build.0 = Debug|Any CPU
		{EBBCA678-D004-47DF-BA72-B7BDDF58E93D}.Release|Any CPU.ActiveCfg = Release|Any CPU
		{EBBCA678-D004-47DF-BA72-B7BDDF58E93D}.Release|Any CPU.Build.0 = Release|Any CPU
		{25521645-934B-4942-BA32-9A28BEDA7F04}.Debug|Any CPU.ActiveCfg = Debug|Any CPU
		{25521645-934B-4942-BA32-9A28BEDA7F04}.Debug|Any CPU.Build.0 = Debug|Any CPU
		{25521645-934B-4942-BA32-9A28BEDA7F04}.Release|Any CPU.ActiveCfg = Release|Any CPU
		{25521645-934B-4942-BA32-9A28BEDA7F04}.Release|Any CPU.Build.0 = Release|Any CPU
	EndGlobalSection
	GlobalSection(SolutionProperties) = preSolution
		HideSolutionNode = FALSE
	EndGlobalSection
	GlobalSection(ExtensibilityGlobals) = postSolution
		SolutionGuid = {B2CC35AA-3C59-4A48-8114-F7F5016F3E1A}
	EndGlobalSection
EndGlobal
