
Microsoft Visual Studio Solution File, Format Version 12.00
# Visual Studio Version 17
VisualStudioVersion = 17.9.34723.18
MinimumVisualStudioVersion = 10.0.40219.1
Project("{FAE04EC0-301F-11D3-BF4B-00C04F79EFBC}") = "EmployeeRequestTrackerAPI", "EmployeeRequestTrackerAPI\EmployeeRequestTrackerAPI.csproj", "{0691428C-5827-4913-85B7-4B31BC76934F}"
EndProject
Global
	GlobalSection(SolutionConfigurationPlatforms) = preSolution
		Debug|Any CPU = Debug|Any CPU
		Release|Any CPU = Release|Any CPU
	EndGlobalSection
	GlobalSection(ProjectConfigurationPlatforms) = postSolution
		{0691428C-5827-4913-85B7-4B31BC76934F}.Debug|Any CPU.ActiveCfg = Debug|Any CPU
		{0691428C-5827-4913-85B7-4B31BC76934F}.Debug|Any CPU.Build.0 = Debug|Any CPU
		{0691428C-5827-4913-85B7-4B31BC76934F}.Release|Any CPU.ActiveCfg = Release|Any CPU
		{0691428C-5827-4913-85B7-4B31BC76934F}.Release|Any CPU.Build.0 = Release|Any CPU
	EndGlobalSection
	GlobalSection(SolutionProperties) = preSolution
		HideSolutionNode = FALSE
	EndGlobalSection
	GlobalSection(ExtensibilityGlobals) = postSolution
		SolutionGuid = {8C853724-6455-4572-8E93-80E196765191}
	EndGlobalSection
EndGlobal
